<?xml version="1.0" encoding="utf-8"?>
<Project ToolsVersion="16.0" xmlns="http://schemas.microsoft.com/developer/msbuild/2003">
  <ItemGroup>
    <CustomBuild Include="D:\qingcheng\qc-project-homework\cpp\CMakeFiles\9c35e7cae204f0590953d4ede447ac7e\generate.stamp.rule">
      <Filter>CMake Rules</Filter>
    </CustomBuild>
  </ItemGroup>
  <ItemGroup>
    <Filter Include="CMake Rules">
      <UniqueIdentifier>{F1039653-567E-329D-92AE-66137D6C79ED}</UniqueIdentifier>
    </Filter>
  </ItemGroup>
</Project>
